
Microsoft Visual Studio Solution File, Format Version 12.00
# Visual Studio Version 16
VisualStudioVersion = 16.0.32228.343
MinimumVisualStudioVersion = 10.0.40219.1
Project("{FAE04EC0-301F-11D3-BF4B-00C04F79EFBC}") = "MiniVille_GraphiqueWF", "MiniVille_GraphiqueWF\MiniVille_GraphiqueWF.csproj", "{900E75D9-D07F-4BB3-B714-08317214A67F}"
EndProject
Global
	GlobalSection(SolutionConfigurationPlatforms) = preSolution
		Debug|Any CPU = Debug|Any CPU
		Release|Any CPU = Release|Any CPU
	EndGlobalSection
	GlobalSection(ProjectConfigurationPlatforms) = postSolution
		{900E75D9-D07F-4BB3-B714-08317214A67F}.Debug|Any CPU.ActiveCfg = Debug|Any CPU
		{900E75D9-D07F-4BB3-B714-08317214A67F}.Debug|Any CPU.Build.0 = Debug|Any CPU
		{900E75D9-D07F-4BB3-B714-08317214A67F}.Release|Any CPU.ActiveCfg = Release|Any CPU
		{900E75D9-D07F-4BB3-B714-08317214A67F}.Release|Any CPU.Build.0 = Release|Any CPU
	EndGlobalSection
	GlobalSection(SolutionProperties) = preSolution
		HideSolutionNode = FALSE
	EndGlobalSection
	GlobalSection(ExtensibilityGlobals) = postSolution
		SolutionGuid = {6F331573-906A-4C72-9085-28448D935859}
	EndGlobalSection
EndGlobal
