
Microsoft Visual Studio Solution File, Format Version 12.00
# Visual Studio Version 17
VisualStudioVersion = 17.3.32929.385
MinimumVisualStudioVersion = 10.0.40219.1
Project("{FAE04EC0-301F-11D3-BF4B-00C04F79EFBC}") = "Miniville", "Miniville.csproj", "{C65D6CBF-11F4-4EB9-BF15-14FAC1ACFD42}"
EndProject
Global
	GlobalSection(SolutionConfigurationPlatforms) = preSolution
		Debug|Any CPU = Debug|Any CPU
		Release|Any CPU = Release|Any CPU
	EndGlobalSection
	GlobalSection(ProjectConfigurationPlatforms) = postSolution
		{C65D6CBF-11F4-4EB9-BF15-14FAC1ACFD42}.Debug|Any CPU.ActiveCfg = Debug|Any CPU
		{C65D6CBF-11F4-4EB9-BF15-14FAC1ACFD42}.Debug|Any CPU.Build.0 = Debug|Any CPU
		{C65D6CBF-11F4-4EB9-BF15-14FAC1ACFD42}.Release|Any CPU.ActiveCfg = Release|Any CPU
		{C65D6CBF-11F4-4EB9-BF15-14FAC1ACFD42}.Release|Any CPU.Build.0 = Release|Any CPU
	EndGlobalSection
	GlobalSection(SolutionProperties) = preSolution
		HideSolutionNode = FALSE
	EndGlobalSection
	GlobalSection(ExtensibilityGlobals) = postSolution
		SolutionGuid = {2F6545F4-F6C8-4D0B-A393-3B268A70138B}
	EndGlobalSection
EndGlobal
